
Microsoft Visual Studio Solution File, Format Version 12.00
# Visual Studio Version 17
VisualStudioVersion = 17.11.35312.102
MinimumVisualStudioVersion = 10.0.40219.1
Project("{FAE04EC0-301F-11D3-BF4B-00C04F79EFBC}") = "Sobrecarga", "Sobrecarga.csproj", "{314933C7-6A43-46D8-82D8-1390EF273014}"
EndProject
Global
	GlobalSection(SolutionConfigurationPlatforms) = preSolution
		Debug|Any CPU = Debug|Any CPU
		Release|Any CPU = Release|Any CPU
	EndGlobalSection
	GlobalSection(ProjectConfigurationPlatforms) = postSolution
		{314933C7-6A43-46D8-82D8-1390EF273014}.Debug|Any CPU.ActiveCfg = Debug|Any CPU
		{314933C7-6A43-46D8-82D8-1390EF273014}.Debug|Any CPU.Build.0 = Debug|Any CPU
		{314933C7-6A43-46D8-82D8-1390EF273014}.Release|Any CPU.ActiveCfg = Release|Any CPU
		{314933C7-6A43-46D8-82D8-1390EF273014}.Release|Any CPU.Build.0 = Release|Any CPU
	EndGlobalSection
	GlobalSection(SolutionProperties) = preSolution
		HideSolutionNode = FALSE
	EndGlobalSection
	GlobalSection(ExtensibilityGlobals) = postSolution
		SolutionGuid = {741A7C19-6083-4213-87AD-BC1E22D013B9}
	EndGlobalSection
EndGlobal
